
Microsoft Visual Studio Solution File, Format Version 12.00
# Visual Studio Version 16
VisualStudioVersion = 16.0.34601.136
MinimumVisualStudioVersion = 10.0.40219.1
Project("{8BC9CEB8-8B4A-11D0-8D11-00A0C91BC942}") = "PlugDll", "PlugDll.vcxproj", "{F642371F-48A3-47CB-AA0C-12AD97228055}"
EndProject
Global
	GlobalSection(SolutionConfigurationPlatforms) = preSolution
		Debug|x64 = Debug|x64
		Debug|x86 = Debug|x86
		Release|x64 = Release|x64
		Release|x86 = Release|x86
	EndGlobalSection
	GlobalSection(ProjectConfigurationPlatforms) = postSolution
		{F642371F-48A3-47CB-AA0C-12AD97228055}.Debug|x64.ActiveCfg = Debug|x64
		{F642371F-48A3-47CB-AA0C-12AD97228055}.Debug|x64.Build.0 = Debug|x64
		{F642371F-48A3-47CB-AA0C-12AD97228055}.Debug|x86.ActiveCfg = Debug|Win32
		{F642371F-48A3-47CB-AA0C-12AD97228055}.Debug|x86.Build.0 = Debug|Win32
		{F642371F-48A3-47CB-AA0C-12AD97228055}.Release|x64.ActiveCfg = Release|x64
		{F642371F-48A3-47CB-AA0C-12AD97228055}.Release|x64.Build.0 = Release|x64
		{F642371F-48A3-47CB-AA0C-12AD97228055}.Release|x86.ActiveCfg = Release|Win32
		{F642371F-48A3-47CB-AA0C-12AD97228055}.Release|x86.Build.0 = Release|Win32
	EndGlobalSection
	GlobalSection(SolutionProperties) = preSolution
		HideSolutionNode = FALSE
	EndGlobalSection
	GlobalSection(ExtensibilityGlobals) = postSolution
		SolutionGuid = {95812089-E969-4602-B8EE-028F5B8774E6}
	EndGlobalSection
EndGlobal
